// !$*UTF8*$!
{
	archiveVersion = 1;
	classes = {
	};
	objectVersion = 56;
	objects = {

/* Begin PBXBuildFile section */
		E81BE6332B1C135A0093BF58 /* MyRecipeDetailView.swift in Sources */ = {isa = PBXBuildFile; fileRef = E81BE6322B1C135A0093BF58 /* MyRecipeDetailView.swift */; };
		E81BE6352B1C1D6F0093BF58 /* ArchiveView.swift in Sources */ = {isa = PBXBuildFile; fileRef = E81BE6342B1C1D6F0093BF58 /* ArchiveView.swift */; };
		E81BE6372B1C962C0093BF58 /* CategoryManager.swift in Sources */ = {isa = PBXBuildFile; fileRef = E81BE6362B1C962C0093BF58 /* CategoryManager.swift */; };
		E81BE6392B1CB10F0093BF58 /* APIArea.swift in Sources */ = {isa = PBXBuildFile; fileRef = E81BE6382B1CB10F0093BF58 /* APIArea.swift */; };
		E81BE64B2B1D003F0093BF58 /* AreaViewModel.swift in Sources */ = {isa = PBXBuildFile; fileRef = E81BE64A2B1D003F0093BF58 /* AreaViewModel.swift */; };
		E81BE64D2B1D02A00093BF58 /* AddAreaSheetView.swift in Sources */ = {isa = PBXBuildFile; fileRef = E81BE64C2B1D02A00093BF58 /* AddAreaSheetView.swift */; };
		E81BE64F2B1D06140093BF58 /* AreaManager.swift in Sources */ = {isa = PBXBuildFile; fileRef = E81BE64E2B1D06140093BF58 /* AreaManager.swift */; };
		E81BE6512B1D0ED50093BF58 /* SearchByAreaView.swift in Sources */ = {isa = PBXBuildFile; fileRef = E81BE6502B1D0ED50093BF58 /* SearchByAreaView.swift */; };
		E81BE6532B1D3B150093BF58 /* IngredientManager.swift in Sources */ = {isa = PBXBuildFile; fileRef = E81BE6522B1D3B150093BF58 /* IngredientManager.swift */; };
		E81BE6552B1D3BAD0093BF58 /* APIIngredient.swift in Sources */ = {isa = PBXBuildFile; fileRef = E81BE6542B1D3BAD0093BF58 /* APIIngredient.swift */; };
		E81BE6572B1D41710093BF58 /* AddIngredientSheetView.swift in Sources */ = {isa = PBXBuildFile; fileRef = E81BE6562B1D41710093BF58 /* AddIngredientSheetView.swift */; };
		E81BE6592B1D44C00093BF58 /* IngredientViewModel.swift in Sources */ = {isa = PBXBuildFile; fileRef = E81BE6582B1D44C00093BF58 /* IngredientViewModel.swift */; };
		E81BE65B2B1D4A0E0093BF58 /* SearchByIngredientView.swift in Sources */ = {isa = PBXBuildFile; fileRef = E81BE65A2B1D4A0E0093BF58 /* SearchByIngredientView.swift */; };
		E81BE65D2B1D59240093BF58 /* EditRecipeView.swift in Sources */ = {isa = PBXBuildFile; fileRef = E81BE65C2B1D59240093BF58 /* EditRecipeView.swift */; };
		E81BE6602B1D6B420093BF58 /* Ingredient+CoreDataClass.swift in Sources */ = {isa = PBXBuildFile; fileRef = E81BE65E2B1D6B420093BF58 /* Ingredient+CoreDataClass.swift */; };
		E81BE6612B1D6B420093BF58 /* Ingredient+CoreDataProperties.swift in Sources */ = {isa = PBXBuildFile; fileRef = E81BE65F2B1D6B420093BF58 /* Ingredient+CoreDataProperties.swift */; };
		E827322C2B1BACDA00584645 /* Meal+CoreDataClass.swift in Sources */ = {isa = PBXBuildFile; fileRef = E82732242B1BACDA00584645 /* Meal+CoreDataClass.swift */; };
		E82732302B1BACDA00584645 /* Area+CoreDataClass.swift in Sources */ = {isa = PBXBuildFile; fileRef = E82732282B1BACDA00584645 /* Area+CoreDataClass.swift */; };
		E82732312B1BACDA00584645 /* Area+CoreDataProperties.swift in Sources */ = {isa = PBXBuildFile; fileRef = E82732292B1BACDA00584645 /* Area+CoreDataProperties.swift */; };
		E82732322B1BACDA00584645 /* Category+CoreDataClass.swift in Sources */ = {isa = PBXBuildFile; fileRef = E827322A2B1BACDA00584645 /* Category+CoreDataClass.swift */; };
		E82732332B1BACDA00584645 /* Category+CoreDataProperties.swift in Sources */ = {isa = PBXBuildFile; fileRef = E827322B2B1BACDA00584645 /* Category+CoreDataProperties.swift */; };
		E82732372B1BEE3C00584645 /* RecipeManager.swift in Sources */ = {isa = PBXBuildFile; fileRef = E82732362B1BEE3C00584645 /* RecipeManager.swift */; };
		E82732392B1BF24F00584645 /* Meal+CoreDataProperties.swift in Sources */ = {isa = PBXBuildFile; fileRef = E82732382B1BF24F00584645 /* Meal+CoreDataProperties.swift */; };
		E8311C1C2B052A4A00BC3BCB /* RatatouilleApp.swift in Sources */ = {isa = PBXBuildFile; fileRef = E8311C1B2B052A4A00BC3BCB /* RatatouilleApp.swift */; };
		E8311C1E2B052A4A00BC3BCB /* ContentView.swift in Sources */ = {isa = PBXBuildFile; fileRef = E8311C1D2B052A4A00BC3BCB /* ContentView.swift */; };
		E8311C202B052A4B00BC3BCB /* Assets.xcassets in Resources */ = {isa = PBXBuildFile; fileRef = E8311C1F2B052A4B00BC3BCB /* Assets.xcassets */; };
		E8311C232B052A4B00BC3BCB /* Preview Assets.xcassets in Resources */ = {isa = PBXBuildFile; fileRef = E8311C222B052A4B00BC3BCB /* Preview Assets.xcassets */; };
		E8311C252B052A4B00BC3BCB /* Persistence.swift in Sources */ = {isa = PBXBuildFile; fileRef = E8311C242B052A4B00BC3BCB /* Persistence.swift */; };
		E8311C282B052A4B00BC3BCB /* Ratatouille.xcdatamodeld in Sources */ = {isa = PBXBuildFile; fileRef = E8311C262B052A4B00BC3BCB /* Ratatouille.xcdatamodeld */; };
		E8311C322B052A4C00BC3BCB /* RatatouilleTests.swift in Sources */ = {isa = PBXBuildFile; fileRef = E8311C312B052A4C00BC3BCB /* RatatouilleTests.swift */; };
		E8311C3C2B052A4C00BC3BCB /* RatatouilleUITests.swift in Sources */ = {isa = PBXBuildFile; fileRef = E8311C3B2B052A4C00BC3BCB /* RatatouilleUITests.swift */; };
		E8311C3E2B052A4C00BC3BCB /* RatatouilleUITestsLaunchTests.swift in Sources */ = {isa = PBXBuildFile; fileRef = E8311C3D2B052A4C00BC3BCB /* RatatouilleUITestsLaunchTests.swift */; };
		E8311C522B052FDB00BC3BCB /* MyRecipesView.swift in Sources */ = {isa = PBXBuildFile; fileRef = E8311C512B052FDB00BC3BCB /* MyRecipesView.swift */; };
		E8311C542B05301A00BC3BCB /* SearchView.swift in Sources */ = {isa = PBXBuildFile; fileRef = E8311C532B05301A00BC3BCB /* SearchView.swift */; };
		E8311C562B05302700BC3BCB /* SettingsView.swift in Sources */ = {isa = PBXBuildFile; fileRef = E8311C552B05302700BC3BCB /* SettingsView.swift */; };
		E8311C582B053E0D00BC3BCB /* SplashView.swift in Sources */ = {isa = PBXBuildFile; fileRef = E8311C572B053E0D00BC3BCB /* SplashView.swift */; };
		E8311C5B2B05540500BC3BCB /* RecipeAPIClient.swift in Sources */ = {isa = PBXBuildFile; fileRef = E8311C5A2B05540500BC3BCB /* RecipeAPIClient.swift */; };
		E8311C6E2B10FBDA00BC3BCB /* RecipeDetailView.swift in Sources */ = {isa = PBXBuildFile; fileRef = E8311C6D2B10FBDA00BC3BCB /* RecipeDetailView.swift */; };
		E8311C752B1A265900BC3BCB /* SearchByCategoryView.swift in Sources */ = {isa = PBXBuildFile; fileRef = E8311C742B1A265900BC3BCB /* SearchByCategoryView.swift */; };
		E8311C772B1A29F000BC3BCB /* ListRecipeView.swift in Sources */ = {isa = PBXBuildFile; fileRef = E8311C762B1A29F000BC3BCB /* ListRecipeView.swift */; };
		E8311C792B1A573100BC3BCB /* APIMeal.swift in Sources */ = {isa = PBXBuildFile; fileRef = E8311C782B1A573100BC3BCB /* APIMeal.swift */; };
		E8311C7C2B1ACD5F00BC3BCB /* RecipeViewModel.swift in Sources */ = {isa = PBXBuildFile; fileRef = E8311C7B2B1ACD5F00BC3BCB /* RecipeViewModel.swift */; };
		E8311C7E2B1AD2E200BC3BCB /* SearchByNameView.swift in Sources */ = {isa = PBXBuildFile; fileRef = E8311C7D2B1AD2E200BC3BCB /* SearchByNameView.swift */; };
		E8311C812B1B646C00BC3BCB /* EditAreasView.swift in Sources */ = {isa = PBXBuildFile; fileRef = E8311C802B1B646C00BC3BCB /* EditAreasView.swift */; };
		E8311C832B1B648000BC3BCB /* EditCategoriesView.swift in Sources */ = {isa = PBXBuildFile; fileRef = E8311C822B1B648000BC3BCB /* EditCategoriesView.swift */; };
		E8311C852B1B649400BC3BCB /* EditIngredientsView.swift in Sources */ = {isa = PBXBuildFile; fileRef = E8311C842B1B649400BC3BCB /* EditIngredientsView.swift */; };
		E8311C872B1B719100BC3BCB /* APICategory.swift in Sources */ = {isa = PBXBuildFile; fileRef = E8311C862B1B719100BC3BCB /* APICategory.swift */; };
		E8311C892B1B76C200BC3BCB /* CategoryViewModel.swift in Sources */ = {isa = PBXBuildFile; fileRef = E8311C882B1B76C200BC3BCB /* CategoryViewModel.swift */; };
		E8311C8B2B1B7C4900BC3BCB /* ListCategoryView.swift in Sources */ = {isa = PBXBuildFile; fileRef = E8311C8A2B1B7C4900BC3BCB /* ListCategoryView.swift */; };
		E8311C8D2B1B8B3800BC3BCB /* AddCategorySheetView.swift in Sources */ = {isa = PBXBuildFile; fileRef = E8311C8C2B1B8B3800BC3BCB /* AddCategorySheetView.swift */; };
/* End PBXBuildFile section */

/* Begin PBXContainerItemProxy section */
		E8311C2E2B052A4C00BC3BCB /* PBXContainerItemProxy */ = {
			isa = PBXContainerItemProxy;
			containerPortal = E8311C102B052A4A00BC3BCB /* Project object */;
			proxyType = 1;
			remoteGlobalIDString = E8311C172B052A4A00BC3BCB;
			remoteInfo = Ratatouille;
		};
		E8311C382B052A4C00BC3BCB /* PBXContainerItemProxy */ = {
			isa = PBXContainerItemProxy;
			containerPortal = E8311C102B052A4A00BC3BCB /* Project object */;
			proxyType = 1;
			remoteGlobalIDString = E8311C172B052A4A00BC3BCB;
			remoteInfo = Ratatouille;
		};
/* End PBXContainerItemProxy section */

/* Begin PBXFileReference section */
		E81BE6322B1C135A0093BF58 /* MyRecipeDetailView.swift */ = {isa = PBXFileReference; lastKnownFileType = sourcecode.swift; path = MyRecipeDetailView.swift; sourceTree = "<group>"; };
		E81BE6342B1C1D6F0093BF58 /* ArchiveView.swift */ = {isa = PBXFileReference; lastKnownFileType = sourcecode.swift; path = ArchiveView.swift; sourceTree = "<group>"; };
		E81BE6362B1C962C0093BF58 /* CategoryManager.swift */ = {isa = PBXFileReference; lastKnownFileType = sourcecode.swift; path = CategoryManager.swift; sourceTree = "<group>"; };
		E81BE6382B1CB10F0093BF58 /* APIArea.swift */ = {isa = PBXFileReference; lastKnownFileType = sourcecode.swift; path = APIArea.swift; sourceTree = "<group>"; };
		E81BE64A2B1D003F0093BF58 /* AreaViewModel.swift */ = {isa = PBXFileReference; lastKnownFileType = sourcecode.swift; path = AreaViewModel.swift; sourceTree = "<group>"; };
		E81BE64C2B1D02A00093BF58 /* AddAreaSheetView.swift */ = {isa = PBXFileReference; lastKnownFileType = sourcecode.swift; path = AddAreaSheetView.swift; sourceTree = "<group>"; };
		E81BE64E2B1D06140093BF58 /* AreaManager.swift */ = {isa = PBXFileReference; lastKnownFileType = sourcecode.swift; path = AreaManager.swift; sourceTree = "<group>"; };
		E81BE6502B1D0ED50093BF58 /* SearchByAreaView.swift */ = {isa = PBXFileReference; lastKnownFileType = sourcecode.swift; path = SearchByAreaView.swift; sourceTree = "<group>"; };
		E81BE6522B1D3B150093BF58 /* IngredientManager.swift */ = {isa = PBXFileReference; lastKnownFileType = sourcecode.swift; path = IngredientManager.swift; sourceTree = "<group>"; };
		E81BE6542B1D3BAD0093BF58 /* APIIngredient.swift */ = {isa = PBXFileReference; lastKnownFileType = sourcecode.swift; path = APIIngredient.swift; sourceTree = "<group>"; };
		E81BE6562B1D41710093BF58 /* AddIngredientSheetView.swift */ = {isa = PBXFileReference; lastKnownFileType = sourcecode.swift; path = AddIngredientSheetView.swift; sourceTree = "<group>"; };
		E81BE6582B1D44C00093BF58 /* IngredientViewModel.swift */ = {isa = PBXFileReference; lastKnownFileType = sourcecode.swift; path = IngredientViewModel.swift; sourceTree = "<group>"; };
		E81BE65A2B1D4A0E0093BF58 /* SearchByIngredientView.swift */ = {isa = PBXFileReference; lastKnownFileType = sourcecode.swift; path = SearchByIngredientView.swift; sourceTree = "<group>"; };
		E81BE65C2B1D59240093BF58 /* EditRecipeView.swift */ = {isa = PBXFileReference; lastKnownFileType = sourcecode.swift; path = EditRecipeView.swift; sourceTree = "<group>"; };
		E81BE65E2B1D6B420093BF58 /* Ingredient+CoreDataClass.swift */ = {isa = PBXFileReference; lastKnownFileType = sourcecode.swift; path = "Ingredient+CoreDataClass.swift"; sourceTree = SOURCE_ROOT; };
		E81BE65F2B1D6B420093BF58 /* Ingredient+CoreDataProperties.swift */ = {isa = PBXFileReference; lastKnownFileType = sourcecode.swift; path = "Ingredient+CoreDataProperties.swift"; sourceTree = SOURCE_ROOT; };
		E82732242B1BACDA00584645 /* Meal+CoreDataClass.swift */ = {isa = PBXFileReference; lastKnownFileType = sourcecode.swift; path = "Meal+CoreDataClass.swift"; sourceTree = SOURCE_ROOT; };
		E82732282B1BACDA00584645 /* Area+CoreDataClass.swift */ = {isa = PBXFileReference; lastKnownFileType = sourcecode.swift; path = "Area+CoreDataClass.swift"; sourceTree = SOURCE_ROOT; };
		E82732292B1BACDA00584645 /* Area+CoreDataProperties.swift */ = {isa = PBXFileReference; lastKnownFileType = sourcecode.swift; path = "Area+CoreDataProperties.swift"; sourceTree = SOURCE_ROOT; };
		E827322A2B1BACDA00584645 /* Category+CoreDataClass.swift */ = {isa = PBXFileReference; lastKnownFileType = sourcecode.swift; path = "Category+CoreDataClass.swift"; sourceTree = SOURCE_ROOT; };
		E827322B2B1BACDA00584645 /* Category+CoreDataProperties.swift */ = {isa = PBXFileReference; lastKnownFileType = sourcecode.swift; path = "Category+CoreDataProperties.swift"; sourceTree = SOURCE_ROOT; };
		E82732362B1BEE3C00584645 /* RecipeManager.swift */ = {isa = PBXFileReference; lastKnownFileType = sourcecode.swift; path = RecipeManager.swift; sourceTree = "<group>"; };
		E82732382B1BF24F00584645 /* Meal+CoreDataProperties.swift */ = {isa = PBXFileReference; lastKnownFileType = sourcecode.swift; path = "Meal+CoreDataProperties.swift"; sourceTree = SOURCE_ROOT; };
		E8311C182B052A4A00BC3BCB /* Ratatouille.app */ = {isa = PBXFileReference; explicitFileType = wrapper.application; includeInIndex = 0; path = Ratatouille.app; sourceTree = BUILT_PRODUCTS_DIR; };
		E8311C1B2B052A4A00BC3BCB /* RatatouilleApp.swift */ = {isa = PBXFileReference; lastKnownFileType = sourcecode.swift; path = RatatouilleApp.swift; sourceTree = "<group>"; };
		E8311C1D2B052A4A00BC3BCB /* ContentView.swift */ = {isa = PBXFileReference; lastKnownFileType = sourcecode.swift; path = ContentView.swift; sourceTree = "<group>"; };
		E8311C1F2B052A4B00BC3BCB /* Assets.xcassets */ = {isa = PBXFileReference; lastKnownFileType = folder.assetcatalog; path = Assets.xcassets; sourceTree = "<group>"; };
		E8311C222B052A4B00BC3BCB /* Preview Assets.xcassets */ = {isa = PBXFileReference; lastKnownFileType = folder.assetcatalog; path = "Preview Assets.xcassets"; sourceTree = "<group>"; };
		E8311C242B052A4B00BC3BCB /* Persistence.swift */ = {isa = PBXFileReference; lastKnownFileType = sourcecode.swift; path = Persistence.swift; sourceTree = "<group>"; };
		E8311C272B052A4B00BC3BCB /* Ratatouille.xcdatamodel */ = {isa = PBXFileReference; lastKnownFileType = wrapper.xcdatamodel; path = Ratatouille.xcdatamodel; sourceTree = "<group>"; };
		E8311C2D2B052A4C00BC3BCB /* RatatouilleTests.xctest */ = {isa = PBXFileReference; explicitFileType = wrapper.cfbundle; includeInIndex = 0; path = RatatouilleTests.xctest; sourceTree = BUILT_PRODUCTS_DIR; };
		E8311C312B052A4C00BC3BCB /* RatatouilleTests.swift */ = {isa = PBXFileReference; lastKnownFileType = sourcecode.swift; path = RatatouilleTests.swift; sourceTree = "<group>"; };
		E8311C372B052A4C00BC3BCB /* RatatouilleUITests.xctest */ = {isa = PBXFileReference; explicitFileType = wrapper.cfbundle; includeInIndex = 0; path = RatatouilleUITests.xctest; sourceTree = BUILT_PRODUCTS_DIR; };
		E8311C3B2B052A4C00BC3BCB /* RatatouilleUITests.swift */ = {isa = PBXFileReference; lastKnownFileType = sourcecode.swift; path = RatatouilleUITests.swift; sourceTree = "<group>"; };
		E8311C3D2B052A4C00BC3BCB /* RatatouilleUITestsLaunchTests.swift */ = {isa = PBXFileReference; lastKnownFileType = sourcecode.swift; path = RatatouilleUITestsLaunchTests.swift; sourceTree = "<group>"; };
		E8311C512B052FDB00BC3BCB /* MyRecipesView.swift */ = {isa = PBXFileReference; lastKnownFileType = sourcecode.swift; path = MyRecipesView.swift; sourceTree = "<group>"; };
		E8311C532B05301A00BC3BCB /* SearchView.swift */ = {isa = PBXFileReference; lastKnownFileType = sourcecode.swift; path = SearchView.swift; sourceTree = "<group>"; };
		E8311C552B05302700BC3BCB /* SettingsView.swift */ = {isa = PBXFileReference; lastKnownFileType = sourcecode.swift; path = SettingsView.swift; sourceTree = "<group>"; };
		E8311C572B053E0D00BC3BCB /* SplashView.swift */ = {isa = PBXFileReference; lastKnownFileType = sourcecode.swift; path = SplashView.swift; sourceTree = "<group>"; };
		E8311C5A2B05540500BC3BCB /* RecipeAPIClient.swift */ = {isa = PBXFileReference; lastKnownFileType = sourcecode.swift; path = RecipeAPIClient.swift; sourceTree = "<group>"; };
		E8311C6D2B10FBDA00BC3BCB /* RecipeDetailView.swift */ = {isa = PBXFileReference; lastKnownFileType = sourcecode.swift; path = RecipeDetailView.swift; sourceTree = "<group>"; };
		E8311C742B1A265900BC3BCB /* SearchByCategoryView.swift */ = {isa = PBXFileReference; lastKnownFileType = sourcecode.swift; path = SearchByCategoryView.swift; sourceTree = "<group>"; };
		E8311C762B1A29F000BC3BCB /* ListRecipeView.swift */ = {isa = PBXFileReference; lastKnownFileType = sourcecode.swift; path = ListRecipeView.swift; sourceTree = "<group>"; };
		E8311C782B1A573100BC3BCB /* APIMeal.swift */ = {isa = PBXFileReference; lastKnownFileType = sourcecode.swift; path = APIMeal.swift; sourceTree = "<group>"; };
		E8311C7B2B1ACD5F00BC3BCB /* RecipeViewModel.swift */ = {isa = PBXFileReference; lastKnownFileType = sourcecode.swift; path = RecipeViewModel.swift; sourceTree = "<group>"; };
		E8311C7D2B1AD2E200BC3BCB /* SearchByNameView.swift */ = {isa = PBXFileReference; lastKnownFileType = sourcecode.swift; path = SearchByNameView.swift; sourceTree = "<group>"; };
		E8311C802B1B646C00BC3BCB /* EditAreasView.swift */ = {isa = PBXFileReference; lastKnownFileType = sourcecode.swift; path = EditAreasView.swift; sourceTree = "<group>"; };
		E8311C822B1B648000BC3BCB /* EditCategoriesView.swift */ = {isa = PBXFileReference; lastKnownFileType = sourcecode.swift; path = EditCategoriesView.swift; sourceTree = "<group>"; };
		E8311C842B1B649400BC3BCB /* EditIngredientsView.swift */ = {isa = PBXFileReference; lastKnownFileType = sourcecode.swift; path = EditIngredientsView.swift; sourceTree = "<group>"; };
		E8311C862B1B719100BC3BCB /* APICategory.swift */ = {isa = PBXFileReference; lastKnownFileType = sourcecode.swift; path = APICategory.swift; sourceTree = "<group>"; };
		E8311C882B1B76C200BC3BCB /* CategoryViewModel.swift */ = {isa = PBXFileReference; lastKnownFileType = sourcecode.swift; path = CategoryViewModel.swift; sourceTree = "<group>"; };
		E8311C8A2B1B7C4900BC3BCB /* ListCategoryView.swift */ = {isa = PBXFileReference; lastKnownFileType = sourcecode.swift; path = ListCategoryView.swift; sourceTree = "<group>"; };
		E8311C8C2B1B8B3800BC3BCB /* AddCategorySheetView.swift */ = {isa = PBXFileReference; lastKnownFileType = sourcecode.swift; path = AddCategorySheetView.swift; sourceTree = "<group>"; };
/* End PBXFileReference section */

/* Begin PBXFrameworksBuildPhase section */
		E8311C152B052A4A00BC3BCB /* Frameworks */ = {
			isa = PBXFrameworksBuildPhase;
			buildActionMask = 2147483647;
			files = (
			);
			runOnlyForDeploymentPostprocessing = 0;
		};
		E8311C2A2B052A4C00BC3BCB /* Frameworks */ = {
			isa = PBXFrameworksBuildPhase;
			buildActionMask = 2147483647;
			files = (
			);
			runOnlyForDeploymentPostprocessing = 0;
		};
		E8311C342B052A4C00BC3BCB /* Frameworks */ = {
			isa = PBXFrameworksBuildPhase;
			buildActionMask = 2147483647;
			files = (
			);
			runOnlyForDeploymentPostprocessing = 0;
		};
/* End PBXFrameworksBuildPhase section */

/* Begin PBXGroup section */
		E82732342B1BE35700584645 /* Search */ = {
			isa = PBXGroup;
			children = (
				E81BE6502B1D0ED50093BF58 /* SearchByAreaView.swift */,
				E8311C742B1A265900BC3BCB /* SearchByCategoryView.swift */,
				E8311C7D2B1AD2E200BC3BCB /* SearchByNameView.swift */,
				E81BE65A2B1D4A0E0093BF58 /* SearchByIngredientView.swift */,
			);
			path = Search;
			sourceTree = "<group>";
		};
		E82732352B1BEE1000584645 /* Managers */ = {
			isa = PBXGroup;
			children = (
				E82732362B1BEE3C00584645 /* RecipeManager.swift */,
				E81BE6362B1C962C0093BF58 /* CategoryManager.swift */,
				E81BE64E2B1D06140093BF58 /* AreaManager.swift */,
				E81BE6522B1D3B150093BF58 /* IngredientManager.swift */,
			);
			path = Managers;
			sourceTree = "<group>";
		};
		E8311C0F2B052A4A00BC3BCB = {
			isa = PBXGroup;
			children = (
				E8311C1A2B052A4A00BC3BCB /* Ratatouille */,
				E8311C302B052A4C00BC3BCB /* RatatouilleTests */,
				E8311C3A2B052A4C00BC3BCB /* RatatouilleUITests */,
				E8311C192B052A4A00BC3BCB /* Products */,
			);
			sourceTree = "<group>";
		};
		E8311C192B052A4A00BC3BCB /* Products */ = {
			isa = PBXGroup;
			children = (
				E8311C182B052A4A00BC3BCB /* Ratatouille.app */,
				E8311C2D2B052A4C00BC3BCB /* RatatouilleTests.xctest */,
				E8311C372B052A4C00BC3BCB /* RatatouilleUITests.xctest */,
			);
			name = Products;
			sourceTree = "<group>";
		};
		E8311C1A2B052A4A00BC3BCB /* Ratatouille */ = {
			isa = PBXGroup;
			children = (
				E8311C242B052A4B00BC3BCB /* Persistence.swift */,
				E8311C1B2B052A4A00BC3BCB /* RatatouilleApp.swift */,
				E8311C592B05519400BC3BCB /* Database */,
				E8311C1F2B052A4B00BC3BCB /* Assets.xcassets */,
				E82732352B1BEE1000584645 /* Managers */,
				E8311C4D2B052AE700BC3BCB /* Models */,
				E8311C4C2B052AD700BC3BCB /* API */,
				E8311C7A2B1ACD3400BC3BCB /* ViewModels */,
				E8311C4A2B052AAD00BC3BCB /* Views */,
				E8311C212B052A4B00BC3BCB /* Preview Content */,
			);
			path = Ratatouille;
			sourceTree = "<group>";
		};
		E8311C212B052A4B00BC3BCB /* Preview Content */ = {
			isa = PBXGroup;
			children = (
				E8311C222B052A4B00BC3BCB /* Preview Assets.xcassets */,
			);
			path = "Preview Content";
			sourceTree = "<group>";
		};
		E8311C302B052A4C00BC3BCB /* RatatouilleTests */ = {
			isa = PBXGroup;
			children = (
				E8311C312B052A4C00BC3BCB /* RatatouilleTests.swift */,
			);
			path = RatatouilleTests;
			sourceTree = "<group>";
		};
		E8311C3A2B052A4C00BC3BCB /* RatatouilleUITests */ = {
			isa = PBXGroup;
			children = (
				E8311C3B2B052A4C00BC3BCB /* RatatouilleUITests.swift */,
				E8311C3D2B052A4C00BC3BCB /* RatatouilleUITestsLaunchTests.swift */,
			);
			path = RatatouilleUITests;
			sourceTree = "<group>";
		};
		E8311C4A2B052AAD00BC3BCB /* Views */ = {
			isa = PBXGroup;
			children = (
				E8311C4E2B052F2E00BC3BCB /* Main */,
				E82732342B1BE35700584645 /* Search */,
				E8311C7F2B1B645900BC3BCB /* Settings */,
				E8311C6C2B10FBC100BC3BCB /* Detail */,
				E8311C732B1A262E00BC3BCB /* Components */,
			);
			path = Views;
			sourceTree = "<group>";
		};
		E8311C4C2B052AD700BC3BCB /* API */ = {
			isa = PBXGroup;
			children = (
				E8311C5A2B05540500BC3BCB /* RecipeAPIClient.swift */,
			);
			path = API;
			sourceTree = "<group>";
		};
		E8311C4D2B052AE700BC3BCB /* Models */ = {
			isa = PBXGroup;
			children = (
				E8311C262B052A4B00BC3BCB /* Ratatouille.xcdatamodeld */,
				E8311C782B1A573100BC3BCB /* APIMeal.swift */,
				E8311C862B1B719100BC3BCB /* APICategory.swift */,
				E81BE6382B1CB10F0093BF58 /* APIArea.swift */,
				E81BE6542B1D3BAD0093BF58 /* APIIngredient.swift */,
			);
			path = Models;
			sourceTree = "<group>";
		};
		E8311C4E2B052F2E00BC3BCB /* Main */ = {
			isa = PBXGroup;
			children = (
				E8311C1D2B052A4A00BC3BCB /* ContentView.swift */,
				E8311C512B052FDB00BC3BCB /* MyRecipesView.swift */,
				E8311C532B05301A00BC3BCB /* SearchView.swift */,
				E8311C552B05302700BC3BCB /* SettingsView.swift */,
				E8311C572B053E0D00BC3BCB /* SplashView.swift */,
			);
			path = Main;
			sourceTree = "<group>";
		};
		E8311C592B05519400BC3BCB /* Database */ = {
			isa = PBXGroup;
			children = (
				E81BE65E2B1D6B420093BF58 /* Ingredient+CoreDataClass.swift */,
				E81BE65F2B1D6B420093BF58 /* Ingredient+CoreDataProperties.swift */,
				E82732382B1BF24F00584645 /* Meal+CoreDataProperties.swift */,
				E82732242B1BACDA00584645 /* Meal+CoreDataClass.swift */,
				E82732282B1BACDA00584645 /* Area+CoreDataClass.swift */,
				E82732292B1BACDA00584645 /* Area+CoreDataProperties.swift */,
				E827322A2B1BACDA00584645 /* Category+CoreDataClass.swift */,
				E827322B2B1BACDA00584645 /* Category+CoreDataProperties.swift */,
			);
			path = Database;
			sourceTree = "<group>";
		};
		E8311C6C2B10FBC100BC3BCB /* Detail */ = {
			isa = PBXGroup;
			children = (
				E8311C6D2B10FBDA00BC3BCB /* RecipeDetailView.swift */,
				E81BE6322B1C135A0093BF58 /* MyRecipeDetailView.swift */,
				E81BE65C2B1D59240093BF58 /* EditRecipeView.swift */,
			);
			path = Detail;
			sourceTree = "<group>";
		};
		E8311C732B1A262E00BC3BCB /* Components */ = {
			isa = PBXGroup;
			children = (
				E8311C762B1A29F000BC3BCB /* ListRecipeView.swift */,
				E8311C8A2B1B7C4900BC3BCB /* ListCategoryView.swift */,
			);
			path = Components;
			sourceTree = "<group>";
		};
		E8311C7A2B1ACD3400BC3BCB /* ViewModels */ = {
			isa = PBXGroup;
			children = (
				E8311C7B2B1ACD5F00BC3BCB /* RecipeViewModel.swift */,
				E8311C882B1B76C200BC3BCB /* CategoryViewModel.swift */,
				E81BE64A2B1D003F0093BF58 /* AreaViewModel.swift */,
				E81BE6582B1D44C00093BF58 /* IngredientViewModel.swift */,
			);
			path = ViewModels;
			sourceTree = "<group>";
		};
		E8311C7F2B1B645900BC3BCB /* Settings */ = {
			isa = PBXGroup;
			children = (
				E8311C802B1B646C00BC3BCB /* EditAreasView.swift */,
				E81BE64C2B1D02A00093BF58 /* AddAreaSheetView.swift */,
				E8311C822B1B648000BC3BCB /* EditCategoriesView.swift */,
				E8311C8C2B1B8B3800BC3BCB /* AddCategorySheetView.swift */,
				E8311C842B1B649400BC3BCB /* EditIngredientsView.swift */,
				E81BE6562B1D41710093BF58 /* AddIngredientSheetView.swift */,
				E81BE6342B1C1D6F0093BF58 /* ArchiveView.swift */,
			);
			path = Settings;
			sourceTree = "<group>";
		};
/* End PBXGroup section */

/* Begin PBXNativeTarget section */
		E8311C172B052A4A00BC3BCB /* Ratatouille */ = {
			isa = PBXNativeTarget;
			buildConfigurationList = E8311C412B052A4C00BC3BCB /* Build configuration list for PBXNativeTarget "Ratatouille" */;
			buildPhases = (
				E8311C142B052A4A00BC3BCB /* Sources */,
				E8311C152B052A4A00BC3BCB /* Frameworks */,
				E8311C162B052A4A00BC3BCB /* Resources */,
			);
			buildRules = (
			);
			dependencies = (
			);
			name = Ratatouille;
			productName = Ratatouille;
			productReference = E8311C182B052A4A00BC3BCB /* Ratatouille.app */;
			productType = "com.apple.product-type.application";
		};
		E8311C2C2B052A4C00BC3BCB /* RatatouilleTests */ = {
			isa = PBXNativeTarget;
			buildConfigurationList = E8311C442B052A4C00BC3BCB /* Build configuration list for PBXNativeTarget "RatatouilleTests" */;
			buildPhases = (
				E8311C292B052A4C00BC3BCB /* Sources */,
				E8311C2A2B052A4C00BC3BCB /* Frameworks */,
				E8311C2B2B052A4C00BC3BCB /* Resources */,
			);
			buildRules = (
			);
			dependencies = (
				E8311C2F2B052A4C00BC3BCB /* PBXTargetDependency */,
			);
			name = RatatouilleTests;
			productName = RatatouilleTests;
			productReference = E8311C2D2B052A4C00BC3BCB /* RatatouilleTests.xctest */;
			productType = "com.apple.product-type.bundle.unit-test";
		};
		E8311C362B052A4C00BC3BCB /* RatatouilleUITests */ = {
			isa = PBXNativeTarget;
			buildConfigurationList = E8311C472B052A4C00BC3BCB /* Build configuration list for PBXNativeTarget "RatatouilleUITests" */;
			buildPhases = (
				E8311C332B052A4C00BC3BCB /* Sources */,
				E8311C342B052A4C00BC3BCB /* Frameworks */,
				E8311C352B052A4C00BC3BCB /* Resources */,
			);
			buildRules = (
			);
			dependencies = (
				E8311C392B052A4C00BC3BCB /* PBXTargetDependency */,
			);
			name = RatatouilleUITests;
			productName = RatatouilleUITests;
			productReference = E8311C372B052A4C00BC3BCB /* RatatouilleUITests.xctest */;
			productType = "com.apple.product-type.bundle.ui-testing";
		};
/* End PBXNativeTarget section */

/* Begin PBXProject section */
		E8311C102B052A4A00BC3BCB /* Project object */ = {
			isa = PBXProject;
			attributes = {
				BuildIndependentTargetsInParallel = 1;
				LastSwiftUpdateCheck = 1430;
				LastUpgradeCheck = 1430;
				TargetAttributes = {
					E8311C172B052A4A00BC3BCB = {
						CreatedOnToolsVersion = 14.3.1;
					};
					E8311C2C2B052A4C00BC3BCB = {
						CreatedOnToolsVersion = 14.3.1;
						TestTargetID = E8311C172B052A4A00BC3BCB;
					};
					E8311C362B052A4C00BC3BCB = {
						CreatedOnToolsVersion = 14.3.1;
						TestTargetID = E8311C172B052A4A00BC3BCB;
					};
				};
			};
			buildConfigurationList = E8311C132B052A4A00BC3BCB /* Build configuration list for PBXProject "Ratatouille" */;
			compatibilityVersion = "Xcode 14.0";
			developmentRegion = en;
			hasScannedForEncodings = 0;
			knownRegions = (
				en,
				Base,
			);
			mainGroup = E8311C0F2B052A4A00BC3BCB;
			productRefGroup = E8311C192B052A4A00BC3BCB /* Products */;
			projectDirPath = "";
			projectRoot = "";
			targets = (
				E8311C172B052A4A00BC3BCB /* Ratatouille */,
				E8311C2C2B052A4C00BC3BCB /* RatatouilleTests */,
				E8311C362B052A4C00BC3BCB /* RatatouilleUITests */,
			);
		};
/* End PBXProject section */

/* Begin PBXResourcesBuildPhase section */
		E8311C162B052A4A00BC3BCB /* Resources */ = {
			isa = PBXResourcesBuildPhase;
			buildActionMask = 2147483647;
			files = (
				E8311C232B052A4B00BC3BCB /* Preview Assets.xcassets in Resources */,
				E8311C202B052A4B00BC3BCB /* Assets.xcassets in Resources */,
			);
			runOnlyForDeploymentPostprocessing = 0;
		};
		E8311C2B2B052A4C00BC3BCB /* Resources */ = {
			isa = PBXResourcesBuildPhase;
			buildActionMask = 2147483647;
			files = (
			);
			runOnlyForDeploymentPostprocessing = 0;
		};
		E8311C352B052A4C00BC3BCB /* Resources */ = {
			isa = PBXResourcesBuildPhase;
			buildActionMask = 2147483647;
			files = (
			);
			runOnlyForDeploymentPostprocessing = 0;
		};
/* End PBXResourcesBuildPhase section */

/* Begin PBXSourcesBuildPhase section */
		E8311C142B052A4A00BC3BCB /* Sources */ = {
			isa = PBXSourcesBuildPhase;
			buildActionMask = 2147483647;
			files = (
				E81BE65B2B1D4A0E0093BF58 /* SearchByIngredientView.swift in Sources */,
				E8311C892B1B76C200BC3BCB /* CategoryViewModel.swift in Sources */,
				E81BE6372B1C962C0093BF58 /* CategoryManager.swift in Sources */,
				E8311C562B05302700BC3BCB /* SettingsView.swift in Sources */,
				E82732302B1BACDA00584645 /* Area+CoreDataClass.swift in Sources */,
				E8311C792B1A573100BC3BCB /* APIMeal.swift in Sources */,
				E82732372B1BEE3C00584645 /* RecipeManager.swift in Sources */,
				E81BE6392B1CB10F0093BF58 /* APIArea.swift in Sources */,
				E8311C832B1B648000BC3BCB /* EditCategoriesView.swift in Sources */,
				E81BE6512B1D0ED50093BF58 /* SearchByAreaView.swift in Sources */,
				E81BE6572B1D41710093BF58 /* AddIngredientSheetView.swift in Sources */,
				E82732332B1BACDA00584645 /* Category+CoreDataProperties.swift in Sources */,
				E8311C6E2B10FBDA00BC3BCB /* RecipeDetailView.swift in Sources */,
				E8311C872B1B719100BC3BCB /* APICategory.swift in Sources */,
				E8311C812B1B646C00BC3BCB /* EditAreasView.swift in Sources */,
				E8311C8B2B1B7C4900BC3BCB /* ListCategoryView.swift in Sources */,
				E81BE6532B1D3B150093BF58 /* IngredientManager.swift in Sources */,
				E81BE6552B1D3BAD0093BF58 /* APIIngredient.swift in Sources */,
				E8311C582B053E0D00BC3BCB /* SplashView.swift in Sources */,
				E81BE64B2B1D003F0093BF58 /* AreaViewModel.swift in Sources */,
				E81BE64F2B1D06140093BF58 /* AreaManager.swift in Sources */,
				E8311C7E2B1AD2E200BC3BCB /* SearchByNameView.swift in Sources */,
				E8311C252B052A4B00BC3BCB /* Persistence.swift in Sources */,
				E827322C2B1BACDA00584645 /* Meal+CoreDataClass.swift in Sources */,
				E8311C752B1A265900BC3BCB /* SearchByCategoryView.swift in Sources */,
				E8311C1E2B052A4A00BC3BCB /* ContentView.swift in Sources */,
				E82732322B1BACDA00584645 /* Category+CoreDataClass.swift in Sources */,
				E81BE6352B1C1D6F0093BF58 /* ArchiveView.swift in Sources */,
				E81BE6592B1D44C00093BF58 /* IngredientViewModel.swift in Sources */,
				E8311C282B052A4B00BC3BCB /* Ratatouille.xcdatamodeld in Sources */,
				E81BE6602B1D6B420093BF58 /* Ingredient+CoreDataClass.swift in Sources */,
				E82732392B1BF24F00584645 /* Meal+CoreDataProperties.swift in Sources */,
				E8311C5B2B05540500BC3BCB /* RecipeAPIClient.swift in Sources */,
				E8311C852B1B649400BC3BCB /* EditIngredientsView.swift in Sources */,
				E8311C7C2B1ACD5F00BC3BCB /* RecipeViewModel.swift in Sources */,
				E8311C522B052FDB00BC3BCB /* MyRecipesView.swift in Sources */,
				E8311C772B1A29F000BC3BCB /* ListRecipeView.swift in Sources */,
				E82732312B1BACDA00584645 /* Area+CoreDataProperties.swift in Sources */,
				E8311C542B05301A00BC3BCB /* SearchView.swift in Sources */,
				E81BE6612B1D6B420093BF58 /* Ingredient+CoreDataProperties.swift in Sources */,
				E81BE64D2B1D02A00093BF58 /* AddAreaSheetView.swift in Sources */,
				E8311C8D2B1B8B3800BC3BCB /* AddCategorySheetView.swift in Sources */,
				E8311C1C2B052A4A00BC3BCB /* RatatouilleApp.swift in Sources */,
				E81BE65D2B1D59240093BF58 /* EditRecipeView.swift in Sources */,
				E81BE6332B1C135A0093BF58 /* MyRecipeDetailView.swift in Sources */,
			);
			runOnlyForDeploymentPostprocessing = 0;
		};
		E8311C292B052A4C00BC3BCB /* Sources */ = {
			isa = PBXSourcesBuildPhase;
			buildActionMask = 2147483647;
			files = (
				E8311C322B052A4C00BC3BCB /* RatatouilleTests.swift in Sources */,
			);
			runOnlyForDeploymentPostprocessing = 0;
		};
		E8311C332B052A4C00BC3BCB /* Sources */ = {
			isa = PBXSourcesBuildPhase;
			buildActionMask = 2147483647;
			files = (
				E8311C3C2B052A4C00BC3BCB /* RatatouilleUITests.swift in Sources */,
				E8311C3E2B052A4C00BC3BCB /* RatatouilleUITestsLaunchTests.swift in Sources */,
			);
			runOnlyForDeploymentPostprocessing = 0;
		};
/* End PBXSourcesBuildPhase section */

/* Begin PBXTargetDependency section */
		E8311C2F2B052A4C00BC3BCB /* PBXTargetDependency */ = {
			isa = PBXTargetDependency;
			target = E8311C172B052A4A00BC3BCB /* Ratatouille */;
			targetProxy = E8311C2E2B052A4C00BC3BCB /* PBXContainerItemProxy */;
		};
		E8311C392B052A4C00BC3BCB /* PBXTargetDependency */ = {
			isa = PBXTargetDependency;
			target = E8311C172B052A4A00BC3BCB /* Ratatouille */;
			targetProxy = E8311C382B052A4C00BC3BCB /* PBXContainerItemProxy */;
		};
/* End PBXTargetDependency section */

/* Begin XCBuildConfiguration section */
		E8311C3F2B052A4C00BC3BCB /* Debug */ = {
			isa = XCBuildConfiguration;
			buildSettings = {
				ALWAYS_SEARCH_USER_PATHS = NO;
				CLANG_ANALYZER_NONNULL = YES;
				CLANG_ANALYZER_NUMBER_OBJECT_CONVERSION = YES_AGGRESSIVE;
				CLANG_CXX_LANGUAGE_STANDARD = "gnu++20";
				CLANG_ENABLE_MODULES = YES;
				CLANG_ENABLE_OBJC_ARC = YES;
				CLANG_ENABLE_OBJC_WEAK = YES;
				CLANG_WARN_BLOCK_CAPTURE_AUTORELEASING = YES;
				CLANG_WARN_BOOL_CONVERSION = YES;
				CLANG_WARN_COMMA = YES;
				CLANG_WARN_CONSTANT_CONVERSION = YES;
				CLANG_WARN_DEPRECATED_OBJC_IMPLEMENTATIONS = YES;
				CLANG_WARN_DIRECT_OBJC_ISA_USAGE = YES_ERROR;
				CLANG_WARN_DOCUMENTATION_COMMENTS = YES;
				CLANG_WARN_EMPTY_BODY = YES;
				CLANG_WARN_ENUM_CONVERSION = YES;
				CLANG_WARN_INFINITE_RECURSION = YES;
				CLANG_WARN_INT_CONVERSION = YES;
				CLANG_WARN_NON_LITERAL_NULL_CONVERSION = YES;
				CLANG_WARN_OBJC_IMPLICIT_RETAIN_SELF = YES;
				CLANG_WARN_OBJC_LITERAL_CONVERSION = YES;
				CLANG_WARN_OBJC_ROOT_CLASS = YES_ERROR;
				CLANG_WARN_QUOTED_INCLUDE_IN_FRAMEWORK_HEADER = YES;
				CLANG_WARN_RANGE_LOOP_ANALYSIS = YES;
				CLANG_WARN_STRICT_PROTOTYPES = YES;
				CLANG_WARN_SUSPICIOUS_MOVE = YES;
				CLANG_WARN_UNGUARDED_AVAILABILITY = YES_AGGRESSIVE;
				CLANG_WARN_UNREACHABLE_CODE = YES;
				CLANG_WARN__DUPLICATE_METHOD_MATCH = YES;
				COPY_PHASE_STRIP = NO;
				DEBUG_INFORMATION_FORMAT = dwarf;
				ENABLE_STRICT_OBJC_MSGSEND = YES;
				ENABLE_TESTABILITY = YES;
				GCC_C_LANGUAGE_STANDARD = gnu11;
				GCC_DYNAMIC_NO_PIC = NO;
				GCC_NO_COMMON_BLOCKS = YES;
				GCC_OPTIMIZATION_LEVEL = 0;
				GCC_PREPROCESSOR_DEFINITIONS = (
					"DEBUG=1",
					"$(inherited)",
				);
				GCC_WARN_64_TO_32_BIT_CONVERSION = YES;
				GCC_WARN_ABOUT_RETURN_TYPE = YES_ERROR;
				GCC_WARN_UNDECLARED_SELECTOR = YES;
				GCC_WARN_UNINITIALIZED_AUTOS = YES_AGGRESSIVE;
				GCC_WARN_UNUSED_FUNCTION = YES;
				GCC_WARN_UNUSED_VARIABLE = YES;
				IPHONEOS_DEPLOYMENT_TARGET = 16.4;
				MTL_ENABLE_DEBUG_INFO = INCLUDE_SOURCE;
				MTL_FAST_MATH = YES;
				ONLY_ACTIVE_ARCH = YES;
				SDKROOT = iphoneos;
				SWIFT_ACTIVE_COMPILATION_CONDITIONS = DEBUG;
				SWIFT_OPTIMIZATION_LEVEL = "-Onone";
			};
			name = Debug;
		};
		E8311C402B052A4C00BC3BCB /* Release */ = {
			isa = XCBuildConfiguration;
			buildSettings = {
				ALWAYS_SEARCH_USER_PATHS = NO;
				CLANG_ANALYZER_NONNULL = YES;
				CLANG_ANALYZER_NUMBER_OBJECT_CONVERSION = YES_AGGRESSIVE;
				CLANG_CXX_LANGUAGE_STANDARD = "gnu++20";
				CLANG_ENABLE_MODULES = YES;
				CLANG_ENABLE_OBJC_ARC = YES;
				CLANG_ENABLE_OBJC_WEAK = YES;
				CLANG_WARN_BLOCK_CAPTURE_AUTORELEASING = YES;
				CLANG_WARN_BOOL_CONVERSION = YES;
				CLANG_WARN_COMMA = YES;
				CLANG_WARN_CONSTANT_CONVERSION = YES;
				CLANG_WARN_DEPRECATED_OBJC_IMPLEMENTATIONS = YES;
				CLANG_WARN_DIRECT_OBJC_ISA_USAGE = YES_ERROR;
				CLANG_WARN_DOCUMENTATION_COMMENTS = YES;
				CLANG_WARN_EMPTY_BODY = YES;
				CLANG_WARN_ENUM_CONVERSION = YES;
				CLANG_WARN_INFINITE_RECURSION = YES;
				CLANG_WARN_INT_CONVERSION = YES;
				CLANG_WARN_NON_LITERAL_NULL_CONVERSION = YES;
				CLANG_WARN_OBJC_IMPLICIT_RETAIN_SELF = YES;
				CLANG_WARN_OBJC_LITERAL_CONVERSION = YES;
				CLANG_WARN_OBJC_ROOT_CLASS = YES_ERROR;
				CLANG_WARN_QUOTED_INCLUDE_IN_FRAMEWORK_HEADER = YES;
				CLANG_WARN_RANGE_LOOP_ANALYSIS = YES;
				CLANG_WARN_STRICT_PROTOTYPES = YES;
				CLANG_WARN_SUSPICIOUS_MOVE = YES;
				CLANG_WARN_UNGUARDED_AVAILABILITY = YES_AGGRESSIVE;
				CLANG_WARN_UNREACHABLE_CODE = YES;
				CLANG_WARN__DUPLICATE_METHOD_MATCH = YES;
				COPY_PHASE_STRIP = NO;
				DEBUG_INFORMATION_FORMAT = "dwarf-with-dsym";
				ENABLE_NS_ASSERTIONS = NO;
				ENABLE_STRICT_OBJC_MSGSEND = YES;
				GCC_C_LANGUAGE_STANDARD = gnu11;
				GCC_NO_COMMON_BLOCKS = YES;
				GCC_WARN_64_TO_32_BIT_CONVERSION = YES;
				GCC_WARN_ABOUT_RETURN_TYPE = YES_ERROR;
				GCC_WARN_UNDECLARED_SELECTOR = YES;
				GCC_WARN_UNINITIALIZED_AUTOS = YES_AGGRESSIVE;
				GCC_WARN_UNUSED_FUNCTION = YES;
				GCC_WARN_UNUSED_VARIABLE = YES;
				IPHONEOS_DEPLOYMENT_TARGET = 16.4;
				MTL_ENABLE_DEBUG_INFO = NO;
				MTL_FAST_MATH = YES;
				SDKROOT = iphoneos;
				SWIFT_COMPILATION_MODE = wholemodule;
				SWIFT_OPTIMIZATION_LEVEL = "-O";
				VALIDATE_PRODUCT = YES;
			};
			name = Release;
		};
		E8311C422B052A4C00BC3BCB /* Debug */ = {
			isa = XCBuildConfiguration;
			buildSettings = {
				ASSETCATALOG_COMPILER_APPICON_NAME = "ratatouille-icon";
				ASSETCATALOG_COMPILER_GLOBAL_ACCENT_COLOR_NAME = AccentColor;
				ASSETCATALOG_COMPILER_INCLUDE_ALL_APPICON_ASSETS = YES;
				CODE_SIGN_STYLE = Automatic;
				CURRENT_PROJECT_VERSION = 1;
				DEVELOPMENT_ASSET_PATHS = "\"Ratatouille/Preview Content\"";
				DEVELOPMENT_TEAM = 323487L3X6;
				ENABLE_PREVIEWS = YES;
				GENERATE_INFOPLIST_FILE = YES;
				INFOPLIST_KEY_UIApplicationSceneManifest_Generation = YES;
				INFOPLIST_KEY_UIApplicationSupportsIndirectInputEvents = YES;
				INFOPLIST_KEY_UILaunchScreen_Generation = YES;
				INFOPLIST_KEY_UISupportedInterfaceOrientations_iPad = "UIInterfaceOrientationPortrait UIInterfaceOrientationPortraitUpsideDown UIInterfaceOrientationLandscapeLeft UIInterfaceOrientationLandscapeRight";
				INFOPLIST_KEY_UISupportedInterfaceOrientations_iPhone = "UIInterfaceOrientationPortrait UIInterfaceOrientationLandscapeLeft UIInterfaceOrientationLandscapeRight";
				LD_RUNPATH_SEARCH_PATHS = (
					"$(inherited)",
					"@executable_path/Frameworks",
				);
				MARKETING_VERSION = 1.0;
				PRODUCT_BUNDLE_IDENTIFIER = com.sofijasolar.Ratatouille;
				PRODUCT_NAME = "$(TARGET_NAME)";
				SWIFT_EMIT_LOC_STRINGS = YES;
				SWIFT_VERSION = 5.0;
				TARGETED_DEVICE_FAMILY = "1,2";
			};
			name = Debug;
		};
		E8311C432B052A4C00BC3BCB /* Release */ = {
			isa = XCBuildConfiguration;
			buildSettings = {
				ASSETCATALOG_COMPILER_APPICON_NAME = "ratatouille-icon";
				ASSETCATALOG_COMPILER_GLOBAL_ACCENT_COLOR_NAME = AccentColor;
				ASSETCATALOG_COMPILER_INCLUDE_ALL_APPICON_ASSETS = YES;
				CODE_SIGN_STYLE = Automatic;
				CURRENT_PROJECT_VERSION = 1;
				DEVELOPMENT_ASSET_PATHS = "\"Ratatouille/Preview Content\"";
				DEVELOPMENT_TEAM = 323487L3X6;
				ENABLE_PREVIEWS = YES;
				GENERATE_INFOPLIST_FILE = YES;
				INFOPLIST_KEY_UIApplicationSceneManifest_Generation = YES;
				INFOPLIST_KEY_UIApplicationSupportsIndirectInputEvents = YES;
				INFOPLIST_KEY_UILaunchScreen_Generation = YES;
				INFOPLIST_KEY_UISupportedInterfaceOrientations_iPad = "UIInterfaceOrientationPortrait UIInterfaceOrientationPortraitUpsideDown UIInterfaceOrientationLandscapeLeft UIInterfaceOrientationLandscapeRight";
				INFOPLIST_KEY_UISupportedInterfaceOrientations_iPhone = "UIInterfaceOrientationPortrait UIInterfaceOrientationLandscapeLeft UIInterfaceOrientationLandscapeRight";
				LD_RUNPATH_SEARCH_PATHS = (
					"$(inherited)",
					"@executable_path/Frameworks",
				);
				MARKETING_VERSION = 1.0;
				PRODUCT_BUNDLE_IDENTIFIER = com.sofijasolar.Ratatouille;
				PRODUCT_NAME = "$(TARGET_NAME)";
				SWIFT_EMIT_LOC_STRINGS = YES;
				SWIFT_VERSION = 5.0;
				TARGETED_DEVICE_FAMILY = "1,2";
			};
			name = Release;
		};
		E8311C452B052A4C00BC3BCB /* Debug */ = {
			isa = XCBuildConfiguration;
			buildSettings = {
				ALWAYS_EMBED_SWIFT_STANDARD_LIBRARIES = YES;
				BUNDLE_LOADER = "$(TEST_HOST)";
				CODE_SIGN_STYLE = Automatic;
				CURRENT_PROJECT_VERSION = 1;
				DEVELOPMENT_TEAM = 323487L3X6;
				GENERATE_INFOPLIST_FILE = YES;
				IPHONEOS_DEPLOYMENT_TARGET = 16.4;
				MARKETING_VERSION = 1.0;
				PRODUCT_BUNDLE_IDENTIFIER = com.sofijasolar.RatatouilleTests;
				PRODUCT_NAME = "$(TARGET_NAME)";
				SWIFT_EMIT_LOC_STRINGS = NO;
				SWIFT_VERSION = 5.0;
				TARGETED_DEVICE_FAMILY = "1,2";
				TEST_HOST = "$(BUILT_PRODUCTS_DIR)/Ratatouille.app/$(BUNDLE_EXECUTABLE_FOLDER_PATH)/Ratatouille";
			};
			name = Debug;
		};
		E8311C462B052A4C00BC3BCB /* Release */ = {
			isa = XCBuildConfiguration;
			buildSettings = {
				ALWAYS_EMBED_SWIFT_STANDARD_LIBRARIES = YES;
				BUNDLE_LOADER = "$(TEST_HOST)";
				CODE_SIGN_STYLE = Automatic;
				CURRENT_PROJECT_VERSION = 1;
				DEVELOPMENT_TEAM = 323487L3X6;
				GENERATE_INFOPLIST_FILE = YES;
				IPHONEOS_DEPLOYMENT_TARGET = 16.4;
				MARKETING_VERSION = 1.0;
				PRODUCT_BUNDLE_IDENTIFIER = com.sofijasolar.RatatouilleTests;
				PRODUCT_NAME = "$(TARGET_NAME)";
				SWIFT_EMIT_LOC_STRINGS = NO;
				SWIFT_VERSION = 5.0;
				TARGETED_DEVICE_FAMILY = "1,2";
				TEST_HOST = "$(BUILT_PRODUCTS_DIR)/Ratatouille.app/$(BUNDLE_EXECUTABLE_FOLDER_PATH)/Ratatouille";
			};
			name = Release;
		};
		E8311C482B052A4C00BC3BCB /* Debug */ = {
			isa = XCBuildConfiguration;
			buildSettings = {
				ALWAYS_EMBED_SWIFT_STANDARD_LIBRARIES = YES;
				CODE_SIGN_STYLE = Automatic;
				CURRENT_PROJECT_VERSION = 1;
				DEVELOPMENT_TEAM = 323487L3X6;
				GENERATE_INFOPLIST_FILE = YES;
				MARKETING_VERSION = 1.0;
				PRODUCT_BUNDLE_IDENTIFIER = com.sofijasolar.RatatouilleUITests;
				PRODUCT_NAME = "$(TARGET_NAME)";
				SWIFT_EMIT_LOC_STRINGS = NO;
				SWIFT_VERSION = 5.0;
				TARGETED_DEVICE_FAMILY = "1,2";
				TEST_TARGET_NAME = Ratatouille;
			};
			name = Debug;
		};
		E8311C492B052A4C00BC3BCB /* Release */ = {
			isa = XCBuildConfiguration;
			buildSettings = {
				ALWAYS_EMBED_SWIFT_STANDARD_LIBRARIES = YES;
				CODE_SIGN_STYLE = Automatic;
				CURRENT_PROJECT_VERSION = 1;
				DEVELOPMENT_TEAM = 323487L3X6;
				GENERATE_INFOPLIST_FILE = YES;
				MARKETING_VERSION = 1.0;
				PRODUCT_BUNDLE_IDENTIFIER = com.sofijasolar.RatatouilleUITests;
				PRODUCT_NAME = "$(TARGET_NAME)";
				SWIFT_EMIT_LOC_STRINGS = NO;
				SWIFT_VERSION = 5.0;
				TARGETED_DEVICE_FAMILY = "1,2";
				TEST_TARGET_NAME = Ratatouille;
			};
			name = Release;
		};
/* End XCBuildConfiguration section */

/* Begin XCConfigurationList section */
		E8311C132B052A4A00BC3BCB /* Build configuration list for PBXProject "Ratatouille" */ = {
			isa = XCConfigurationList;
			buildConfigurations = (
				E8311C3F2B052A4C00BC3BCB /* Debug */,
				E8311C402B052A4C00BC3BCB /* Release */,
			);
			defaultConfigurationIsVisible = 0;
			defaultConfigurationName = Release;
		};
		E8311C412B052A4C00BC3BCB /* Build configuration list for PBXNativeTarget "Ratatouille" */ = {
			isa = XCConfigurationList;
			buildConfigurations = (
				E8311C422B052A4C00BC3BCB /* Debug */,
				E8311C432B052A4C00BC3BCB /* Release */,
			);
			defaultConfigurationIsVisible = 0;
			defaultConfigurationName = Release;
		};
		E8311C442B052A4C00BC3BCB /* Build configuration list for PBXNativeTarget "RatatouilleTests" */ = {
			isa = XCConfigurationList;
			buildConfigurations = (
				E8311C452B052A4C00BC3BCB /* Debug */,
				E8311C462B052A4C00BC3BCB /* Release */,
			);
			defaultConfigurationIsVisible = 0;
			defaultConfigurationName = Release;
		};
		E8311C472B052A4C00BC3BCB /* Build configuration list for PBXNativeTarget "RatatouilleUITests" */ = {
			isa = XCConfigurationList;
			buildConfigurations = (
				E8311C482B052A4C00BC3BCB /* Debug */,
				E8311C492B052A4C00BC3BCB /* Release */,
			);
			defaultConfigurationIsVisible = 0;
			defaultConfigurationName = Release;
		};
/* End XCConfigurationList section */

/* Begin XCVersionGroup section */
		E8311C262B052A4B00BC3BCB /* Ratatouille.xcdatamodeld */ = {
			isa = XCVersionGroup;
			children = (
				E8311C272B052A4B00BC3BCB /* Ratatouille.xcdatamodel */,
			);
			currentVersion = E8311C272B052A4B00BC3BCB /* Ratatouille.xcdatamodel */;
			path = Ratatouille.xcdatamodeld;
			sourceTree = "<group>";
			versionGroupType = wrapper.xcdatamodel;
		};
/* End XCVersionGroup section */
	};
	rootObject = E8311C102B052A4A00BC3BCB /* Project object */;
}
